{
  "name": "zigzag-hub",
  "version": "1.0.0",
  "lockfileVersion": 3,
  "requires": true,
  "packages": {
    "": {
      "name": "zigzag-hub",
      "version": "1.0.0",
      "license": "MIT",
      "devDependencies": {
        "eslint": "^8.0.0"
      },
      "engines": {
        "node": ">=14.0.0"
      }
    },
    "node_modules/eslint": {
      "version": "8.57.0",
      "resolved": "https://registry.npmjs.org/eslint/-/eslint-8.57.0.tgz",
      "integrity": "sha512-dZ6+mexnaTIbSBZWgou51U6OmzIhYM2VcNdtiTtOqPNkmYD5bn5FwD8T+hCjHZULG+9fY7FeHQGPDM+K6PQIIA==",
      "dev": true,
      "bin": {
        "eslint": "bin/eslint.js"
      },
      "engines": {
        "node": "^12.22.0 || ^14.17.0 || >=16.0.0"
      },
      "funding": {
        "url": "https://opencollective.com/eslint"
      }
    }
  }
}